// !$*UTF8*$!
{
	archiveVersion = 1;
	classes = {
	};
	objectVersion = 56;
	objects = {

/* Begin PBXBuildFile section */
		EE30B2CB2C3A4D7A0079CA2A /* GFAvatarImageView.swift in Sources */ = {isa = PBXBuildFile; fileRef = EE30B2CA2C3A4D7A0079CA2A /* GFAvatarImageView.swift */; };
		EEA2A5CE2C3989DD007CE237 /* NetworkManager.swift in Sources */ = {isa = PBXBuildFile; fileRef = EEA2A5CD2C3989DD007CE237 /* NetworkManager.swift */; };
		EEA2A5D12C399679007CE237 /* ErrorMessage.swift in Sources */ = {isa = PBXBuildFile; fileRef = EEA2A5D02C399679007CE237 /* ErrorMessage.swift */; };
		EEA2A5D42C39A0FA007CE237 /* FollowerCell.swift in Sources */ = {isa = PBXBuildFile; fileRef = EEA2A5D32C39A0FA007CE237 /* FollowerCell.swift */; };
		EEED75332C38EA1F00C208CF /* AppDelegate.swift in Sources */ = {isa = PBXBuildFile; fileRef = EEED75322C38EA1F00C208CF /* AppDelegate.swift */; };
		EEED75352C38EA1F00C208CF /* SceneDelegate.swift in Sources */ = {isa = PBXBuildFile; fileRef = EEED75342C38EA1F00C208CF /* SceneDelegate.swift */; };
		EEED753C2C38EA2200C208CF /* Assets.xcassets in Resources */ = {isa = PBXBuildFile; fileRef = EEED753B2C38EA2200C208CF /* Assets.xcassets */; };
		EEED753F2C38EA2200C208CF /* Base in Resources */ = {isa = PBXBuildFile; fileRef = EEED753E2C38EA2200C208CF /* Base */; };
		EEED75472C38F8EE00C208CF /* SearchVC.swift in Sources */ = {isa = PBXBuildFile; fileRef = EEED75462C38F8EE00C208CF /* SearchVC.swift */; };
		EEED75492C38F94000C208CF /* FavoritesListVC.swift in Sources */ = {isa = PBXBuildFile; fileRef = EEED75482C38F94000C208CF /* FavoritesListVC.swift */; };
		EEED754B2C3900FF00C208CF /* GFButton.swift in Sources */ = {isa = PBXBuildFile; fileRef = EEED754A2C3900FF00C208CF /* GFButton.swift */; };
		EEED754D2C3904D600C208CF /* GFTextField.swift in Sources */ = {isa = PBXBuildFile; fileRef = EEED754C2C3904D600C208CF /* GFTextField.swift */; };
		EEED754F2C39169500C208CF /* FollowerListVC.swift in Sources */ = {isa = PBXBuildFile; fileRef = EEED754E2C39169500C208CF /* FollowerListVC.swift */; };
		EEED75512C39255300C208CF /* GFTitleLabel.swift in Sources */ = {isa = PBXBuildFile; fileRef = EEED75502C39255200C208CF /* GFTitleLabel.swift */; };
		EEED75532C3926FD00C208CF /* GFBodyLabel.swift in Sources */ = {isa = PBXBuildFile; fileRef = EEED75522C3926FD00C208CF /* GFBodyLabel.swift */; };
		EEED75552C3927DA00C208CF /* GFAlertVC.swift in Sources */ = {isa = PBXBuildFile; fileRef = EEED75542C3927DA00C208CF /* GFAlertVC.swift */; };
		EEED75572C39360100C208CF /* UIViewController+Ext.swift in Sources */ = {isa = PBXBuildFile; fileRef = EEED75562C39360100C208CF /* UIViewController+Ext.swift */; };
		EEED755E2C39424900C208CF /* Follower.swift in Sources */ = {isa = PBXBuildFile; fileRef = EEED755D2C39424900C208CF /* Follower.swift */; };
		EEED75602C39459600C208CF /* User.swift in Sources */ = {isa = PBXBuildFile; fileRef = EEED755F2C39459600C208CF /* User.swift */; };
/* End PBXBuildFile section */

/* Begin PBXFileReference section */
		EE30B2CA2C3A4D7A0079CA2A /* GFAvatarImageView.swift */ = {isa = PBXFileReference; lastKnownFileType = sourcecode.swift; path = GFAvatarImageView.swift; sourceTree = "<group>"; };
		EEA2A5CD2C3989DD007CE237 /* NetworkManager.swift */ = {isa = PBXFileReference; lastKnownFileType = sourcecode.swift; path = NetworkManager.swift; sourceTree = "<group>"; };
		EEA2A5D02C399679007CE237 /* ErrorMessage.swift */ = {isa = PBXFileReference; lastKnownFileType = sourcecode.swift; path = ErrorMessage.swift; sourceTree = "<group>"; };
		EEA2A5D32C39A0FA007CE237 /* FollowerCell.swift */ = {isa = PBXFileReference; lastKnownFileType = sourcecode.swift; path = FollowerCell.swift; sourceTree = "<group>"; };
		EEED752F2C38EA1F00C208CF /* GitHubFollowers.app */ = {isa = PBXFileReference; explicitFileType = wrapper.application; includeInIndex = 0; path = GitHubFollowers.app; sourceTree = BUILT_PRODUCTS_DIR; };
		EEED75322C38EA1F00C208CF /* AppDelegate.swift */ = {isa = PBXFileReference; lastKnownFileType = sourcecode.swift; path = AppDelegate.swift; sourceTree = "<group>"; };
		EEED75342C38EA1F00C208CF /* SceneDelegate.swift */ = {isa = PBXFileReference; lastKnownFileType = sourcecode.swift; path = SceneDelegate.swift; sourceTree = "<group>"; };
		EEED753B2C38EA2200C208CF /* Assets.xcassets */ = {isa = PBXFileReference; lastKnownFileType = folder.assetcatalog; path = Assets.xcassets; sourceTree = "<group>"; };
		EEED753E2C38EA2200C208CF /* Base */ = {isa = PBXFileReference; lastKnownFileType = file.storyboard; name = Base; path = Base.lproj/LaunchScreen.storyboard; sourceTree = "<group>"; };
		EEED75402C38EA2200C208CF /* Info.plist */ = {isa = PBXFileReference; lastKnownFileType = text.plist.xml; path = Info.plist; sourceTree = "<group>"; };
		EEED75462C38F8EE00C208CF /* SearchVC.swift */ = {isa = PBXFileReference; lastKnownFileType = sourcecode.swift; path = SearchVC.swift; sourceTree = "<group>"; };
		EEED75482C38F94000C208CF /* FavoritesListVC.swift */ = {isa = PBXFileReference; lastKnownFileType = sourcecode.swift; path = FavoritesListVC.swift; sourceTree = "<group>"; };
		EEED754A2C3900FF00C208CF /* GFButton.swift */ = {isa = PBXFileReference; lastKnownFileType = sourcecode.swift; path = GFButton.swift; sourceTree = "<group>"; };
		EEED754C2C3904D600C208CF /* GFTextField.swift */ = {isa = PBXFileReference; lastKnownFileType = sourcecode.swift; path = GFTextField.swift; sourceTree = "<group>"; };
		EEED754E2C39169500C208CF /* FollowerListVC.swift */ = {isa = PBXFileReference; lastKnownFileType = sourcecode.swift; path = FollowerListVC.swift; sourceTree = "<group>"; };
		EEED75502C39255200C208CF /* GFTitleLabel.swift */ = {isa = PBXFileReference; lastKnownFileType = sourcecode.swift; path = GFTitleLabel.swift; sourceTree = "<group>"; };
		EEED75522C3926FD00C208CF /* GFBodyLabel.swift */ = {isa = PBXFileReference; lastKnownFileType = sourcecode.swift; path = GFBodyLabel.swift; sourceTree = "<group>"; };
		EEED75542C3927DA00C208CF /* GFAlertVC.swift */ = {isa = PBXFileReference; lastKnownFileType = sourcecode.swift; path = GFAlertVC.swift; sourceTree = "<group>"; };
		EEED75562C39360100C208CF /* UIViewController+Ext.swift */ = {isa = PBXFileReference; lastKnownFileType = sourcecode.swift; path = "UIViewController+Ext.swift"; sourceTree = "<group>"; };
		EEED755D2C39424900C208CF /* Follower.swift */ = {isa = PBXFileReference; lastKnownFileType = sourcecode.swift; path = Follower.swift; sourceTree = "<group>"; };
		EEED755F2C39459600C208CF /* User.swift */ = {isa = PBXFileReference; lastKnownFileType = sourcecode.swift; path = User.swift; sourceTree = "<group>"; };
/* End PBXFileReference section */

/* Begin PBXFrameworksBuildPhase section */
		EEED752C2C38EA1F00C208CF /* Frameworks */ = {
			isa = PBXFrameworksBuildPhase;
			buildActionMask = 2147483647;
			files = (
			);
			runOnlyForDeploymentPostprocessing = 0;
		};
/* End PBXFrameworksBuildPhase section */

/* Begin PBXGroup section */
		EEA2A5CC2C3989B3007CE237 /* Managers */ = {
			isa = PBXGroup;
			children = (
				EEA2A5CD2C3989DD007CE237 /* NetworkManager.swift */,
			);
			path = Managers;
			sourceTree = "<group>";
		};
		EEA2A5CF2C39965E007CE237 /* Utilities */ = {
			isa = PBXGroup;
			children = (
				EEA2A5D02C399679007CE237 /* ErrorMessage.swift */,
			);
			path = Utilities;
			sourceTree = "<group>";
		};
		EEA2A5D22C39A078007CE237 /* Cells */ = {
			isa = PBXGroup;
			children = (
				EEA2A5D32C39A0FA007CE237 /* FollowerCell.swift */,
			);
			path = Cells;
			sourceTree = "<group>";
		};
		EEED75262C38EA1F00C208CF = {
			isa = PBXGroup;
			children = (
				EEED75312C38EA1F00C208CF /* GitHubFollowers */,
				EEED75302C38EA1F00C208CF /* Products */,
			);
			sourceTree = "<group>";
		};
		EEED75302C38EA1F00C208CF /* Products */ = {
			isa = PBXGroup;
			children = (
				EEED752F2C38EA1F00C208CF /* GitHubFollowers.app */,
			);
			name = Products;
			sourceTree = "<group>";
		};
		EEED75312C38EA1F00C208CF /* GitHubFollowers */ = {
			isa = PBXGroup;
			children = (
				EEA2A5CF2C39965E007CE237 /* Utilities */,
				EEA2A5CC2C3989B3007CE237 /* Managers */,
				EEED755C2C39423600C208CF /* Model */,
				EEED755A2C393A3600C208CF /* Extension */,
				EEED75592C3939CF00C208CF /* Custom Views */,
				EEED75582C3939A600C208CF /* Screens */,
				EEED755B2C393A8000C208CF /* Support */,
				EEED75402C38EA2200C208CF /* Info.plist */,
			);
			path = GitHubFollowers;
			sourceTree = "<group>";
		};
		EEED75582C3939A600C208CF /* Screens */ = {
			isa = PBXGroup;
			children = (
				EEED75462C38F8EE00C208CF /* SearchVC.swift */,
				EEED75482C38F94000C208CF /* FavoritesListVC.swift */,
				EEED754E2C39169500C208CF /* FollowerListVC.swift */,
			);
			path = Screens;
			sourceTree = "<group>";
		};
		EEED75592C3939CF00C208CF /* Custom Views */ = {
			isa = PBXGroup;
			children = (
				EEA2A5D22C39A078007CE237 /* Cells */,
				EEED75542C3927DA00C208CF /* GFAlertVC.swift */,
				EEED754A2C3900FF00C208CF /* GFButton.swift */,
				EEED754C2C3904D600C208CF /* GFTextField.swift */,
				EEED75502C39255200C208CF /* GFTitleLabel.swift */,
				EEED75522C3926FD00C208CF /* GFBodyLabel.swift */,
				EE30B2CA2C3A4D7A0079CA2A /* GFAvatarImageView.swift */,
			);
			path = "Custom Views";
			sourceTree = "<group>";
		};
		EEED755A2C393A3600C208CF /* Extension */ = {
			isa = PBXGroup;
			children = (
				EEED75562C39360100C208CF /* UIViewController+Ext.swift */,
			);
			path = Extension;
			sourceTree = "<group>";
		};
		EEED755B2C393A8000C208CF /* Support */ = {
			isa = PBXGroup;
			children = (
				EEED75322C38EA1F00C208CF /* AppDelegate.swift */,
				EEED75342C38EA1F00C208CF /* SceneDelegate.swift */,
				EEED753B2C38EA2200C208CF /* Assets.xcassets */,
				EEED753D2C38EA2200C208CF /* LaunchScreen.storyboard */,
			);
			path = Support;
			sourceTree = "<group>";
		};
		EEED755C2C39423600C208CF /* Model */ = {
			isa = PBXGroup;
			children = (
				EEED755D2C39424900C208CF /* Follower.swift */,
				EEED755F2C39459600C208CF /* User.swift */,
			);
			path = Model;
			sourceTree = "<group>";
		};
/* End PBXGroup section */

/* Begin PBXNativeTarget section */
		EEED752E2C38EA1F00C208CF /* GitHubFollowers */ = {
			isa = PBXNativeTarget;
			buildConfigurationList = EEED75432C38EA2200C208CF /* Build configuration list for PBXNativeTarget "GitHubFollowers" */;
			buildPhases = (
				EEED752B2C38EA1F00C208CF /* Sources */,
				EEED752C2C38EA1F00C208CF /* Frameworks */,
				EEED752D2C38EA1F00C208CF /* Resources */,
			);
			buildRules = (
			);
			dependencies = (
			);
			name = GitHubFollowers;
			productName = GitHubFollowers;
			productReference = EEED752F2C38EA1F00C208CF /* GitHubFollowers.app */;
			productType = "com.apple.product-type.application";
		};
/* End PBXNativeTarget section */

/* Begin PBXProject section */
		EEED75272C38EA1F00C208CF /* Project object */ = {
			isa = PBXProject;
			attributes = {
				BuildIndependentTargetsInParallel = 1;
				LastSwiftUpdateCheck = 1540;
				LastUpgradeCheck = 1540;
				TargetAttributes = {
					EEED752E2C38EA1F00C208CF = {
						CreatedOnToolsVersion = 15.4;
					};
				};
			};
			buildConfigurationList = EEED752A2C38EA1F00C208CF /* Build configuration list for PBXProject "GitHubFollowers" */;
			compatibilityVersion = "Xcode 14.0";
			developmentRegion = en;
			hasScannedForEncodings = 0;
			knownRegions = (
				en,
				Base,
			);
			mainGroup = EEED75262C38EA1F00C208CF;
			productRefGroup = EEED75302C38EA1F00C208CF /* Products */;
			projectDirPath = "";
			projectRoot = "";
			targets = (
				EEED752E2C38EA1F00C208CF /* GitHubFollowers */,
			);
		};
/* End PBXProject section */

/* Begin PBXResourcesBuildPhase section */
		EEED752D2C38EA1F00C208CF /* Resources */ = {
			isa = PBXResourcesBuildPhase;
			buildActionMask = 2147483647;
			files = (
				EEED753C2C38EA2200C208CF /* Assets.xcassets in Resources */,
				EEED753F2C38EA2200C208CF /* Base in Resources */,
			);
			runOnlyForDeploymentPostprocessing = 0;
		};
/* End PBXResourcesBuildPhase section */

/* Begin PBXSourcesBuildPhase section */
		EEED752B2C38EA1F00C208CF /* Sources */ = {
			isa = PBXSourcesBuildPhase;
			buildActionMask = 2147483647;
			files = (
				EEED75602C39459600C208CF /* User.swift in Sources */,
				EEED754D2C3904D600C208CF /* GFTextField.swift in Sources */,
				EEED75492C38F94000C208CF /* FavoritesListVC.swift in Sources */,
				EEED754B2C3900FF00C208CF /* GFButton.swift in Sources */,
				EEED75572C39360100C208CF /* UIViewController+Ext.swift in Sources */,
				EE30B2CB2C3A4D7A0079CA2A /* GFAvatarImageView.swift in Sources */,
				EEED75472C38F8EE00C208CF /* SearchVC.swift in Sources */,
				EEED75552C3927DA00C208CF /* GFAlertVC.swift in Sources */,
				EEA2A5D42C39A0FA007CE237 /* FollowerCell.swift in Sources */,
				EEA2A5D12C399679007CE237 /* ErrorMessage.swift in Sources */,
				EEED75532C3926FD00C208CF /* GFBodyLabel.swift in Sources */,
				EEED755E2C39424900C208CF /* Follower.swift in Sources */,
				EEED75512C39255300C208CF /* GFTitleLabel.swift in Sources */,
				EEA2A5CE2C3989DD007CE237 /* NetworkManager.swift in Sources */,
				EEED754F2C39169500C208CF /* FollowerListVC.swift in Sources */,
				EEED75332C38EA1F00C208CF /* AppDelegate.swift in Sources */,
				EEED75352C38EA1F00C208CF /* SceneDelegate.swift in Sources */,
			);
			runOnlyForDeploymentPostprocessing = 0;
		};
/* End PBXSourcesBuildPhase section */

/* Begin PBXVariantGroup section */
		EEED753D2C38EA2200C208CF /* LaunchScreen.storyboard */ = {
			isa = PBXVariantGroup;
			children = (
				EEED753E2C38EA2200C208CF /* Base */,
			);
			name = LaunchScreen.storyboard;
			sourceTree = "<group>";
		};
/* End PBXVariantGroup section */

/* Begin XCBuildConfiguration section */
		EEED75412C38EA2200C208CF /* Debug */ = {
			isa = XCBuildConfiguration;
			buildSettings = {
				ALWAYS_SEARCH_USER_PATHS = NO;
				ASSETCATALOG_COMPILER_GENERATE_SWIFT_ASSET_SYMBOL_EXTENSIONS = YES;
				CLANG_ANALYZER_NONNULL = YES;
				CLANG_ANALYZER_NUMBER_OBJECT_CONVERSION = YES_AGGRESSIVE;
				CLANG_CXX_LANGUAGE_STANDARD = "gnu++20";
				CLANG_ENABLE_MODULES = YES;
				CLANG_ENABLE_OBJC_ARC = YES;
				CLANG_ENABLE_OBJC_WEAK = YES;
				CLANG_WARN_BLOCK_CAPTURE_AUTORELEASING = YES;
				CLANG_WARN_BOOL_CONVERSION = YES;
				CLANG_WARN_COMMA = YES;
				CLANG_WARN_CONSTANT_CONVERSION = YES;
				CLANG_WARN_DEPRECATED_OBJC_IMPLEMENTATIONS = YES;
				CLANG_WARN_DIRECT_OBJC_ISA_USAGE = YES_ERROR;
				CLANG_WARN_DOCUMENTATION_COMMENTS = YES;
				CLANG_WARN_EMPTY_BODY = YES;
				CLANG_WARN_ENUM_CONVERSION = YES;
				CLANG_WARN_INFINITE_RECURSION = YES;
				CLANG_WARN_INT_CONVERSION = YES;
				CLANG_WARN_NON_LITERAL_NULL_CONVERSION = YES;
				CLANG_WARN_OBJC_IMPLICIT_RETAIN_SELF = YES;
				CLANG_WARN_OBJC_LITERAL_CONVERSION = YES;
				CLANG_WARN_OBJC_ROOT_CLASS = YES_ERROR;
				CLANG_WARN_QUOTED_INCLUDE_IN_FRAMEWORK_HEADER = YES;
				CLANG_WARN_RANGE_LOOP_ANALYSIS = YES;
				CLANG_WARN_STRICT_PROTOTYPES = YES;
				CLANG_WARN_SUSPICIOUS_MOVE = YES;
				CLANG_WARN_UNGUARDED_AVAILABILITY = YES_AGGRESSIVE;
				CLANG_WARN_UNREACHABLE_CODE = YES;
				CLANG_WARN__DUPLICATE_METHOD_MATCH = YES;
				COPY_PHASE_STRIP = NO;
				DEBUG_INFORMATION_FORMAT = dwarf;
				ENABLE_STRICT_OBJC_MSGSEND = YES;
				ENABLE_TESTABILITY = YES;
				ENABLE_USER_SCRIPT_SANDBOXING = YES;
				GCC_C_LANGUAGE_STANDARD = gnu17;
				GCC_DYNAMIC_NO_PIC = NO;
				GCC_NO_COMMON_BLOCKS = YES;
				GCC_OPTIMIZATION_LEVEL = 0;
				GCC_PREPROCESSOR_DEFINITIONS = (
					"DEBUG=1",
					"$(inherited)",
				);
				GCC_WARN_64_TO_32_BIT_CONVERSION = YES;
				GCC_WARN_ABOUT_RETURN_TYPE = YES_ERROR;
				GCC_WARN_UNDECLARED_SELECTOR = YES;
				GCC_WARN_UNINITIALIZED_AUTOS = YES_AGGRESSIVE;
				GCC_WARN_UNUSED_FUNCTION = YES;
				GCC_WARN_UNUSED_VARIABLE = YES;
				IPHONEOS_DEPLOYMENT_TARGET = 17.5;
				LOCALIZATION_PREFERS_STRING_CATALOGS = YES;
				MTL_ENABLE_DEBUG_INFO = INCLUDE_SOURCE;
				MTL_FAST_MATH = YES;
				ONLY_ACTIVE_ARCH = YES;
				SDKROOT = iphoneos;
				SWIFT_ACTIVE_COMPILATION_CONDITIONS = "DEBUG $(inherited)";
				SWIFT_OPTIMIZATION_LEVEL = "-Onone";
			};
			name = Debug;
		};
		EEED75422C38EA2200C208CF /* Release */ = {
			isa = XCBuildConfiguration;
			buildSettings = {
				ALWAYS_SEARCH_USER_PATHS = NO;
				ASSETCATALOG_COMPILER_GENERATE_SWIFT_ASSET_SYMBOL_EXTENSIONS = YES;
				CLANG_ANALYZER_NONNULL = YES;
				CLANG_ANALYZER_NUMBER_OBJECT_CONVERSION = YES_AGGRESSIVE;
				CLANG_CXX_LANGUAGE_STANDARD = "gnu++20";
				CLANG_ENABLE_MODULES = YES;
				CLANG_ENABLE_OBJC_ARC = YES;
				CLANG_ENABLE_OBJC_WEAK = YES;
				CLANG_WARN_BLOCK_CAPTURE_AUTORELEASING = YES;
				CLANG_WARN_BOOL_CONVERSION = YES;
				CLANG_WARN_COMMA = YES;
				CLANG_WARN_CONSTANT_CONVERSION = YES;
				CLANG_WARN_DEPRECATED_OBJC_IMPLEMENTATIONS = YES;
				CLANG_WARN_DIRECT_OBJC_ISA_USAGE = YES_ERROR;
				CLANG_WARN_DOCUMENTATION_COMMENTS = YES;
				CLANG_WARN_EMPTY_BODY = YES;
				CLANG_WARN_ENUM_CONVERSION = YES;
				CLANG_WARN_INFINITE_RECURSION = YES;
				CLANG_WARN_INT_CONVERSION = YES;
				CLANG_WARN_NON_LITERAL_NULL_CONVERSION = YES;
				CLANG_WARN_OBJC_IMPLICIT_RETAIN_SELF = YES;
				CLANG_WARN_OBJC_LITERAL_CONVERSION = YES;
				CLANG_WARN_OBJC_ROOT_CLASS = YES_ERROR;
				CLANG_WARN_QUOTED_INCLUDE_IN_FRAMEWORK_HEADER = YES;
				CLANG_WARN_RANGE_LOOP_ANALYSIS = YES;
				CLANG_WARN_STRICT_PROTOTYPES = YES;
				CLANG_WARN_SUSPICIOUS_MOVE = YES;
				CLANG_WARN_UNGUARDED_AVAILABILITY = YES_AGGRESSIVE;
				CLANG_WARN_UNREACHABLE_CODE = YES;
				CLANG_WARN__DUPLICATE_METHOD_MATCH = YES;
				COPY_PHASE_STRIP = NO;
				DEBUG_INFORMATION_FORMAT = "dwarf-with-dsym";
				ENABLE_NS_ASSERTIONS = NO;
				ENABLE_STRICT_OBJC_MSGSEND = YES;
				ENABLE_USER_SCRIPT_SANDBOXING = YES;
				GCC_C_LANGUAGE_STANDARD = gnu17;
				GCC_NO_COMMON_BLOCKS = YES;
				GCC_WARN_64_TO_32_BIT_CONVERSION = YES;
				GCC_WARN_ABOUT_RETURN_TYPE = YES_ERROR;
				GCC_WARN_UNDECLARED_SELECTOR = YES;
				GCC_WARN_UNINITIALIZED_AUTOS = YES_AGGRESSIVE;
				GCC_WARN_UNUSED_FUNCTION = YES;
				GCC_WARN_UNUSED_VARIABLE = YES;
				IPHONEOS_DEPLOYMENT_TARGET = 17.5;
				LOCALIZATION_PREFERS_STRING_CATALOGS = YES;
				MTL_ENABLE_DEBUG_INFO = NO;
				MTL_FAST_MATH = YES;
				SDKROOT = iphoneos;
				SWIFT_COMPILATION_MODE = wholemodule;
				VALIDATE_PRODUCT = YES;
			};
			name = Release;
		};
		EEED75442C38EA2200C208CF /* Debug */ = {
			isa = XCBuildConfiguration;
			buildSettings = {
				ASSETCATALOG_COMPILER_APPICON_NAME = AppIcon;
				ASSETCATALOG_COMPILER_GLOBAL_ACCENT_COLOR_NAME = AccentColor;
				CODE_SIGN_STYLE = Automatic;
				CURRENT_PROJECT_VERSION = 1;
				GENERATE_INFOPLIST_FILE = YES;
				INFOPLIST_FILE = GitHubFollowers/Info.plist;
				INFOPLIST_KEY_UIApplicationSupportsIndirectInputEvents = YES;
				INFOPLIST_KEY_UILaunchStoryboardName = LaunchScreen;
				INFOPLIST_KEY_UISupportedInterfaceOrientations = UIInterfaceOrientationPortrait;
				LD_RUNPATH_SEARCH_PATHS = (
					"$(inherited)",
					"@executable_path/Frameworks",
				);
				MARKETING_VERSION = 1.0;
				PRODUCT_BUNDLE_IDENTIFIER = co.bharat.GitHubFollowers;
				PRODUCT_NAME = "$(TARGET_NAME)";
				SWIFT_EMIT_LOC_STRINGS = YES;
				SWIFT_VERSION = 5.0;
				TARGETED_DEVICE_FAMILY = "1,2";
			};
			name = Debug;
		};
		EEED75452C38EA2200C208CF /* Release */ = {
			isa = XCBuildConfiguration;
			buildSettings = {
				ASSETCATALOG_COMPILER_APPICON_NAME = AppIcon;
				ASSETCATALOG_COMPILER_GLOBAL_ACCENT_COLOR_NAME = AccentColor;
				CODE_SIGN_STYLE = Automatic;
				CURRENT_PROJECT_VERSION = 1;
				GENERATE_INFOPLIST_FILE = YES;
				INFOPLIST_FILE = GitHubFollowers/Info.plist;
				INFOPLIST_KEY_UIApplicationSupportsIndirectInputEvents = YES;
				INFOPLIST_KEY_UILaunchStoryboardName = LaunchScreen;
				INFOPLIST_KEY_UISupportedInterfaceOrientations = UIInterfaceOrientationPortrait;
				LD_RUNPATH_SEARCH_PATHS = (
					"$(inherited)",
					"@executable_path/Frameworks",
				);
				MARKETING_VERSION = 1.0;
				PRODUCT_BUNDLE_IDENTIFIER = co.bharat.GitHubFollowers;
				PRODUCT_NAME = "$(TARGET_NAME)";
				SWIFT_EMIT_LOC_STRINGS = YES;
				SWIFT_VERSION = 5.0;
				TARGETED_DEVICE_FAMILY = "1,2";
			};
			name = Release;
		};
/* End XCBuildConfiguration section */

/* Begin XCConfigurationList section */
		EEED752A2C38EA1F00C208CF /* Build configuration list for PBXProject "GitHubFollowers" */ = {
			isa = XCConfigurationList;
			buildConfigurations = (
				EEED75412C38EA2200C208CF /* Debug */,
				EEED75422C38EA2200C208CF /* Release */,
			);
			defaultConfigurationIsVisible = 0;
			defaultConfigurationName = Release;
		};
		EEED75432C38EA2200C208CF /* Build configuration list for PBXNativeTarget "GitHubFollowers" */ = {
			isa = XCConfigurationList;
			buildConfigurations = (
				EEED75442C38EA2200C208CF /* Debug */,
				EEED75452C38EA2200C208CF /* Release */,
			);
			defaultConfigurationIsVisible = 0;
			defaultConfigurationName = Release;
		};
/* End XCConfigurationList section */
	};
	rootObject = EEED75272C38EA1F00C208CF /* Project object */;
}
